
Microsoft Visual Studio Solution File, Format Version 12.00
# Visual Studio Version 16
VisualStudioVersion = 16.0.30204.135
MinimumVisualStudioVersion = 10.0.40219.1
Project("{FAE04EC0-301F-11D3-BF4B-00C04F79EFBC}") = "ConsoleApps3Sum", "ConsoleApps3Sum\ConsoleApps3Sum.csproj", "{C19B8D1C-F852-4B0A-AA22-67BBD263AF4B}"
EndProject
Project("{FAE04EC0-301F-11D3-BF4B-00C04F79EFBC}") = "ConsoleApps3SumTests", "ConsoleApps3SumTests\ConsoleApps3SumTests.csproj", "{2517BB7E-B735-429D-A6A0-B98CC2672602}"
EndProject
Global
	GlobalSection(SolutionConfigurationPlatforms) = preSolution
		Debug|Any CPU = Debug|Any CPU
		Release|Any CPU = Release|Any CPU
	EndGlobalSection
	GlobalSection(ProjectConfigurationPlatforms) = postSolution
		{C19B8D1C-F852-4B0A-AA22-67BBD263AF4B}.Debug|Any CPU.ActiveCfg = Debug|Any CPU
		{C19B8D1C-F852-4B0A-AA22-67BBD263AF4B}.Debug|Any CPU.Build.0 = Debug|Any CPU
		{C19B8D1C-F852-4B0A-AA22-67BBD263AF4B}.Release|Any CPU.ActiveCfg = Release|Any CPU
		{C19B8D1C-F852-4B0A-AA22-67BBD263AF4B}.Release|Any CPU.Build.0 = Release|Any CPU
		{2517BB7E-B735-429D-A6A0-B98CC2672602}.Debug|Any CPU.ActiveCfg = Debug|Any CPU
		{2517BB7E-B735-429D-A6A0-B98CC2672602}.Debug|Any CPU.Build.0 = Debug|Any CPU
		{2517BB7E-B735-429D-A6A0-B98CC2672602}.Release|Any CPU.ActiveCfg = Release|Any CPU
		{2517BB7E-B735-429D-A6A0-B98CC2672602}.Release|Any CPU.Build.0 = Release|Any CPU
	EndGlobalSection
	GlobalSection(SolutionProperties) = preSolution
		HideSolutionNode = FALSE
	EndGlobalSection
	GlobalSection(ExtensibilityGlobals) = postSolution
		SolutionGuid = {F4532858-D83A-4F23-AB21-097B3C089564}
	EndGlobalSection
EndGlobal
